{
  "requires": true,
  "lockfileVersion": 1,
  "dependencies": {
    "@babel/standalone": {
      "version": "7.16.6",
      "resolved": "https://registry.npmjs.org/@babel/standalone/-/standalone-7.16.6.tgz",
      "integrity": "sha512-wjildVe951w1IPEPN4G76j+y5JFZfJN9gdyP8o9zd61qbiVEecAgORKskK1D/7VrJZrZS+nxDbhj2akEFU2RJw=="
    }
  }
}
